
Microsoft Visual Studio Solution File, Format Version 12.00
# Visual Studio Version 16
VisualStudioVersion = 16.0.31005.135
MinimumVisualStudioVersion = 10.0.40219.1
Project("{FAE04EC0-301F-11D3-BF4B-00C04F79EFBC}") = "QLCHBS", "QLCHBS\QLCHBS.csproj", "{B14D3262-95E9-4F08-988A-ED1E0CDBC862}"
EndProject
Global
	GlobalSection(SolutionConfigurationPlatforms) = preSolution
		Debug|Any CPU = Debug|Any CPU
		Release|Any CPU = Release|Any CPU
	EndGlobalSection
	GlobalSection(ProjectConfigurationPlatforms) = postSolution
		{B14D3262-95E9-4F08-988A-ED1E0CDBC862}.Debug|Any CPU.ActiveCfg = Debug|Any CPU
		{B14D3262-95E9-4F08-988A-ED1E0CDBC862}.Debug|Any CPU.Build.0 = Debug|Any CPU
		{B14D3262-95E9-4F08-988A-ED1E0CDBC862}.Release|Any CPU.ActiveCfg = Release|Any CPU
		{B14D3262-95E9-4F08-988A-ED1E0CDBC862}.Release|Any CPU.Build.0 = Release|Any CPU
	EndGlobalSection
	GlobalSection(SolutionProperties) = preSolution
		HideSolutionNode = FALSE
	EndGlobalSection
	GlobalSection(ExtensibilityGlobals) = postSolution
		SolutionGuid = {1A87E9A5-D8AE-48BF-A3DC-5E7381549A9B}
	EndGlobalSection
EndGlobal
